{
  "version": 4,
  "terraform_version": "1.2.3",
  "serial": 5,
  "lineage": "00e069a2-8cb2-8e92-d08e-3314ba9f1dde",
  "outputs": {
    "kubernetes_cluster_host": {
      "value": "34.136.118.229",
      "type": "string"
    },
    "kubernetes_cluster_name": {
      "value": "fleet-anagram-350004-gke",
      "type": "string"
    },
    "project_id": {
      "value": "fleet-anagram-350004",
      "type": "string"
    },
    "region": {
      "value": "us-central1",
      "type": "string"
    }
  },
  "resources": [
    {
      "mode": "managed",
      "type": "google_compute_network",
      "name": "vpc",
      "provider": "provider[\"registry.terraform.io/hashicorp/google\"]",
      "instances": [
        {
          "schema_version": 0,
          "attributes": {
            "auto_create_subnetworks": false,
            "delete_default_routes_on_create": false,
            "description": "",
            "gateway_ipv4": "",
            "id": "projects/fleet-anagram-350004/global/networks/fleet-anagram-350004-vpc",
            "mtu": 0,
            "name": "fleet-anagram-350004-vpc",
            "project": "fleet-anagram-350004",
            "routing_mode": "REGIONAL",
            "self_link": "https://www.googleapis.com/compute/v1/projects/fleet-anagram-350004/global/networks/fleet-anagram-350004-vpc",
            "timeouts": null
          },
          "sensitive_attributes": [],
          "private": "eyJlMmJmYjczMC1lY2FhLTExZTYtOGY4OC0zNDM2M2JjN2M0YzAiOnsiY3JlYXRlIjoyNDAwMDAwMDAwMDAsImRlbGV0ZSI6MjQwMDAwMDAwMDAwLCJ1cGRhdGUiOjI0MDAwMDAwMDAwMH19"
        }
      ]
    },
    {
      "mode": "managed",
      "type": "google_compute_subnetwork",
      "name": "subnet",
      "provider": "provider[\"registry.terraform.io/hashicorp/google\"]",
      "instances": [
        {
          "schema_version": 0,
          "attributes": {
            "creation_timestamp": "2022-07-01T05:45:33.316-07:00",
            "description": "",
            "fingerprint": null,
            "gateway_address": "10.10.0.1",
            "id": "projects/fleet-anagram-350004/regions/us-central1/subnetworks/fleet-anagram-350004-subnet",
            "ip_cidr_range": "10.10.0.0/24",
            "log_config": [],
            "name": "fleet-anagram-350004-subnet",
            "network": "https://www.googleapis.com/compute/v1/projects/fleet-anagram-350004/global/networks/fleet-anagram-350004-vpc",
            "private_ip_google_access": false,
            "private_ipv6_google_access": "DISABLE_GOOGLE_ACCESS",
            "project": "fleet-anagram-350004",
            "region": "us-central1",
            "secondary_ip_range": [],
            "self_link": "https://www.googleapis.com/compute/v1/projects/fleet-anagram-350004/regions/us-central1/subnetworks/fleet-anagram-350004-subnet",
            "timeouts": null
          },
          "sensitive_attributes": [],
          "private": "eyJlMmJmYjczMC1lY2FhLTExZTYtOGY4OC0zNDM2M2JjN2M0YzAiOnsiY3JlYXRlIjozNjAwMDAwMDAwMDAsImRlbGV0ZSI6MzYwMDAwMDAwMDAwLCJ1cGRhdGUiOjM2MDAwMDAwMDAwMH19",
          "dependencies": [
            "google_compute_network.vpc"
          ]
        }
      ]
    },
    {
      "mode": "managed",
      "type": "google_container_cluster",
      "name": "primary",
      "provider": "provider[\"registry.terraform.io/hashicorp/google\"]",
      "instances": [
        {
          "schema_version": 1,
          "attributes": {
            "addons_config": [
              {
                "cloudrun_config": [],
                "horizontal_pod_autoscaling": [],
                "http_load_balancing": [],
                "network_policy_config": [
                  {
                    "disabled": true
                  }
                ]
              }
            ],
            "authenticator_groups_config": [],
            "cluster_autoscaling": [
              {
                "auto_provisioning_defaults": [],
                "enabled": false,
                "resource_limits": []
              }
            ],
            "cluster_ipv4_cidr": "10.232.0.0/14",
            "database_encryption": [
              {
                "key_name": "",
                "state": "DECRYPTED"
              }
            ],
            "default_max_pods_per_node": 110,
            "description": "",
            "enable_binary_authorization": false,
            "enable_intranode_visibility": null,
            "enable_kubernetes_alpha": false,
            "enable_legacy_abac": false,
            "enable_shielded_nodes": false,
            "enable_tpu": null,
            "endpoint": "34.136.118.229",
            "id": "projects/fleet-anagram-350004/locations/us-central1/clusters/fleet-anagram-350004-gke",
            "initial_node_count": 1,
            "instance_group_urls": [],
            "ip_allocation_policy": [
              {
                "cluster_ipv4_cidr_block": "10.232.0.0/14",
                "cluster_secondary_range_name": "gke-fleet-anagram-350004-gke-pods-df0e2962",
                "services_ipv4_cidr_block": "10.236.0.0/20",
                "services_secondary_range_name": "gke-fleet-anagram-350004-gke-services-df0e2962"
              }
            ],
            "label_fingerprint": "a9dc16a7",
            "location": "us-central1",
            "logging_service": "logging.googleapis.com/kubernetes",
            "maintenance_policy": [],
            "master_auth": [
              {
                "client_certificate": "",
                "client_certificate_config": [
                  {
                    "issue_client_certificate": false
                  }
                ],
                "client_key": "",
                "cluster_ca_certificate": "LS0tLS1CRUdJTiBDRVJUSUZJQ0FURS0tLS0tCk1JSUVMRENDQXBTZ0F3SUJBZ0lRRGE3Yy82U2wvMFpNQVFHZStaS1B3REFOQmdrcWhraUc5dzBCQVFzRkFEQXYKTVMwd0t3WURWUVFERXlRMk16UXpNemd3TWkxaFpUY3pMVFJtTkRjdFltUTROeTFtTkdOaU56TXhPRFUxWmpjdwpJQmNOTWpJd056QXhNVEUwTlRRNVdoZ1BNakExTWpBMk1qTXhNalExTkRsYU1DOHhMVEFyQmdOVkJBTVRKRFl6Ck5ETXpPREF5TFdGbE56TXROR1kwTnkxaVpEZzNMV1kwWTJJM016RTROVFZtTnpDQ0FhSXdEUVlKS29aSWh2Y04KQVFFQkJRQURnZ0dQQURDQ0FZb0NnZ0dCQU03TDh1aGpsdHRkamg1ZDBscmpBWk42aGJxbHBpQWpUNXdOek9jOQoxbzZDcVVlNnc5TVdrRlU4VHUrUEY5bEt2UWhnOHIwb2dRM3dpVFdYcERyZjQ2VzBucnR1L2Y0LzQxbGFXVWhBCmREY1dKeW1XV2svbEFKU2lrWWhuMCtGd1ZQZ0V2bElieE1nanp5UVNacXo5Szl4WG1OSjFNbEgvemplZTB6WkoKbTE5Um1CZEFqcXR5Q0xSelhqajhKUm5aYko5cm9pTDkvUHcvNkI3c1BlOHcxVHFtV1RJbi9reDgzNjJzLzViKwpsaDcyWUxpZ2RHaFh6SmZ1QWNnTUd1NkRIWjc1M2JrbDNMaHRIT2lGUXVmMG5udFJ2TWkrajlTK1RLVUhlOS9jCkJqcWVCMHVGVUc3WXczYlVWeG85SUxCL1Q5dGRMdm12VDZxSm0vNHFETTFjSm1RNG5RdFdMbG1aL3JGY2U0SlMKVlZvTk1tbFMxN0pDQUZvUE9YYlRUbnVXV05jajdObS81Ukx3eTdPN2dBa1hxa3BwQWk4QmRhWnRUc3RQeHFpawpXMy93c1NTWkRYSWdseFVQU1dYY3BGbTRVc01KeC9CVEp6a25xeVlSdU13eTZMNmttOVNScTBWK2JVRi93cU9VCk9vd0IwZ0hQa01PVmhPNVRwSzlzOFdOeTZ3SURBUUFCbzBJd1FEQU9CZ05WSFE4QkFmOEVCQU1DQWdRd0R3WUQKVlIwVEFRSC9CQVV3QXdFQi96QWRCZ05WSFE0RUZnUVVvNEs4ZUpKTjVhMkFLMGNheWcvMFVEZmtYV1l3RFFZSgpLb1pJaHZjTkFRRUxCUUFEZ2dHQkFLdGw0YTRZM1hLVitOMHFWYktZRERoMmlLRkJBc2FFK2xtbEFFRW96WjJaCkZ2MkptYVhWZVdoQXpmbzVhRlZPdTdvNGw1ZVh2RGVnYmRkb25NbGNFOXErdkRXMnR1T3ZmSjNpSkFFMmZpZ2cKKzZQeFp4bElJRGtPTUlmM05wdUJJaURQYVRscTVEdkZrZWcrUGowcUxvV3hQM2lGVSt3RzVUbXJ0bTU4dnppUQpvK1Y2eEd3bkZtVFF4Mit1Y0djVmFiejBnVXBaNjBzMHR5SEdJc3BZS01LRWU1a3REeUVHejlKZllHVnAzZ3hqCjBCaEJNb1VIR1J6MDFRS1llMVN6R3F1RzZjWjU3c3NGMXorQW15YmtOejRoWlI1Q0l0eEl2WmhMUjk4aXl5elcKdTBJdDJQWjNvN1FCRjk1TDZmTGczeE1mcXg1QktpNlBDUEt2NUJXNGRmdWw2RWVnUDVDME1iRTB1NEs5Y0RyTQpTaFF4MHFtMytDbzR1U2lscWVpazVFR1NLTVllMm5kUzdZVW1iVzVyS0xyRHNSQVArcDRTTllOMmxESVVhUFpXCjNTRHdraXFqbHZHWEVHc1FZSXY1c081bkF5V1h2dGxZc2JzaGN0VW5tK1l0N0I0N2l1YUx5Sm15TFR1aVMwL3kKUnYwZzY3YjR0cEIvTG1ocy8rekQ4QT09Ci0tLS0tRU5EIENFUlRJRklDQVRFLS0tLS0K",
                "password": "",
                "username": ""
              }
            ],
            "master_authorized_networks_config": [],
            "master_version": "1.22.8-gke.202",
            "min_master_version": null,
            "monitoring_service": "monitoring.googleapis.com/kubernetes",
            "name": "fleet-anagram-350004-gke",
            "network": "projects/fleet-anagram-350004/global/networks/fleet-anagram-350004-vpc",
            "network_policy": [
              {
                "enabled": false,
                "provider": "PROVIDER_UNSPECIFIED"
              }
            ],
            "node_config": [],
            "node_locations": [
              "us-central1-a",
              "us-central1-b",
              "us-central1-f"
            ],
            "node_pool": [],
            "node_version": "1.22.8-gke.202",
            "operation": null,
            "pod_security_policy_config": [],
            "private_cluster_config": [],
            "project": "fleet-anagram-350004",
            "release_channel": [
              {
                "channel": "REGULAR"
              }
            ],
            "remove_default_node_pool": true,
            "resource_labels": null,
            "resource_usage_export_config": [],
            "self_link": "https://container.googleapis.com/v1beta1/projects/fleet-anagram-350004/locations/us-central1/clusters/fleet-anagram-350004-gke",
            "services_ipv4_cidr": "10.236.0.0/20",
            "subnetwork": "projects/fleet-anagram-350004/regions/us-central1/subnetworks/fleet-anagram-350004-subnet",
            "timeouts": null,
            "vertical_pod_autoscaling": [],
            "workload_identity_config": []
          },
          "sensitive_attributes": [],
          "private": "eyJlMmJmYjczMC1lY2FhLTExZTYtOGY4OC0zNDM2M2JjN2M0YzAiOnsiY3JlYXRlIjoyNDAwMDAwMDAwMDAwLCJkZWxldGUiOjI0MDAwMDAwMDAwMDAsInJlYWQiOjI0MDAwMDAwMDAwMDAsInVwZGF0ZSI6MzYwMDAwMDAwMDAwMH0sInNjaGVtYV92ZXJzaW9uIjoiMSJ9",
          "dependencies": [
            "google_compute_network.vpc",
            "google_compute_subnetwork.subnet"
          ]
        }
      ]
    },
    {
      "mode": "managed",
      "type": "google_container_node_pool",
      "name": "primary_nodes",
      "provider": "provider[\"registry.terraform.io/hashicorp/google\"]",
      "instances": [
        {
          "schema_version": 1,
          "attributes": {
            "autoscaling": [],
            "cluster": "fleet-anagram-350004-gke",
            "id": "projects/fleet-anagram-350004/locations/us-central1/clusters/fleet-anagram-350004-gke/nodePools/fleet-anagram-350004-gke-node-pool",
            "initial_node_count": 1,
            "instance_group_urls": [
              "https://www.googleapis.com/compute/v1/projects/fleet-anagram-350004/zones/us-central1-f/instanceGroupManagers/gke-fleet-anagram-35-fleet-anagram-35-ebd78af0-grp",
              "https://www.googleapis.com/compute/v1/projects/fleet-anagram-350004/zones/us-central1-a/instanceGroupManagers/gke-fleet-anagram-35-fleet-anagram-35-3098ba1a-grp",
              "https://www.googleapis.com/compute/v1/projects/fleet-anagram-350004/zones/us-central1-b/instanceGroupManagers/gke-fleet-anagram-35-fleet-anagram-35-83782ed7-grp"
            ],
            "location": "us-central1",
            "management": [
              {
                "auto_repair": true,
                "auto_upgrade": true
              }
            ],
            "max_pods_per_node": 110,
            "name": "fleet-anagram-350004-gke-node-pool",
            "name_prefix": "",
            "node_config": [
              {
                "disk_size_gb": 40,
                "disk_type": "pd-standard",
                "guest_accelerator": [],
                "image_type": "COS_CONTAINERD",
                "labels": {
                  "env": "fleet-anagram-350004"
                },
                "local_ssd_count": 0,
                "machine_type": "n1-standard-1",
                "metadata": {
                  "disable-legacy-endpoints": "true"
                },
                "min_cpu_platform": "",
                "oauth_scopes": [
                  "https://www.googleapis.com/auth/logging.write",
                  "https://www.googleapis.com/auth/monitoring"
                ],
                "preemptible": true,
                "service_account": "default",
                "shielded_instance_config": [
                  {
                    "enable_integrity_monitoring": true,
                    "enable_secure_boot": false
                  }
                ],
                "tags": [
                  "gke-node",
                  "fleet-anagram-350004-gke"
                ],
                "taint": [],
                "workload_metadata_config": []
              }
            ],
            "node_count": 1,
            "node_locations": [
              "us-central1-a",
              "us-central1-b",
              "us-central1-f"
            ],
            "project": "fleet-anagram-350004",
            "timeouts": null,
            "upgrade_settings": [
              {
                "max_surge": 1,
                "max_unavailable": 0
              }
            ],
            "version": "1.22.8-gke.202"
          },
          "sensitive_attributes": [],
          "private": "eyJlMmJmYjczMC1lY2FhLTExZTYtOGY4OC0zNDM2M2JjN2M0YzAiOnsiY3JlYXRlIjoxODAwMDAwMDAwMDAwLCJkZWxldGUiOjE4MDAwMDAwMDAwMDAsInVwZGF0ZSI6MTgwMDAwMDAwMDAwMH0sInNjaGVtYV92ZXJzaW9uIjoiMSJ9",
          "dependencies": [
            "google_compute_network.vpc",
            "google_compute_subnetwork.subnet",
            "google_container_cluster.primary"
          ]
        }
      ]
    }
  ]
}
